
Microsoft Visual Studio Solution File, Format Version 12.00
# Visual Studio Version 16
VisualStudioVersion = 16.0.28729.10
MinimumVisualStudioVersion = 10.0.40219.1
Project("{FAE04EC0-301F-11D3-BF4B-00C04F79EFBC}") = "ConsoleApp1", "ConsoleApp1\ConsoleApp1.csproj", "{CD3222C9-CD30-4054-83B8-9439B3E6AFDE}"
EndProject
Global
	GlobalSection(SolutionConfigurationPlatforms) = preSolution
		Debug|Any CPU = Debug|Any CPU
		Release|Any CPU = Release|Any CPU
	EndGlobalSection
	GlobalSection(ProjectConfigurationPlatforms) = postSolution
		{CD3222C9-CD30-4054-83B8-9439B3E6AFDE}.Debug|Any CPU.ActiveCfg = Debug|Any CPU
		{CD3222C9-CD30-4054-83B8-9439B3E6AFDE}.Debug|Any CPU.Build.0 = Debug|Any CPU
		{CD3222C9-CD30-4054-83B8-9439B3E6AFDE}.Release|Any CPU.ActiveCfg = Release|Any CPU
		{CD3222C9-CD30-4054-83B8-9439B3E6AFDE}.Release|Any CPU.Build.0 = Release|Any CPU
	EndGlobalSection
	GlobalSection(SolutionProperties) = preSolution
		HideSolutionNode = FALSE
	EndGlobalSection
	GlobalSection(ExtensibilityGlobals) = postSolution
		SolutionGuid = {145E24B3-18C3-4012-A9DE-5C866C00A737}
	EndGlobalSection
EndGlobal
